{
  "requires": true,
  "lockfileVersion": 1,
  "dependencies": {
    "gojs": {
      "version": "2.1.34",
      "resolved": "https://registry.npmjs.org/gojs/-/gojs-2.1.34.tgz",
      "integrity": "sha512-3v0Q6oBNJZMJ9OQKfk5cFNKfM7XW13nQUN11TC0+oRi0dHJ8tvqT114VlURBMegnSDI9yAEp6edpj5VcgwEPPg=="
    }
  }
}
